
Microsoft Visual Studio Solution File, Format Version 12.00
# Visual Studio Version 17
VisualStudioVersion = 17.1.32228.430
MinimumVisualStudioVersion = 10.0.40219.1
Project("{FAE04EC0-301F-11D3-BF4B-00C04F79EFBC}") = "Lab-02Unit -Testing", "Lab-02Unit -Testing\Lab-02Unit -Testing.csproj", "{025B4669-6ACA-49B3-8728-9CBCAF156636}"
EndProject
Project("{FAE04EC0-301F-11D3-BF4B-00C04F79EFBC}") = "TestBank", "TestBank\TestBank.csproj", "{9090C964-237F-46E0-8FCC-437FC5C5E91C}"
EndProject
Global
	GlobalSection(SolutionConfigurationPlatforms) = preSolution
		Debug|Any CPU = Debug|Any CPU
		Release|Any CPU = Release|Any CPU
	EndGlobalSection
	GlobalSection(ProjectConfigurationPlatforms) = postSolution
		{025B4669-6ACA-49B3-8728-9CBCAF156636}.Debug|Any CPU.ActiveCfg = Debug|Any CPU
		{025B4669-6ACA-49B3-8728-9CBCAF156636}.Debug|Any CPU.Build.0 = Debug|Any CPU
		{025B4669-6ACA-49B3-8728-9CBCAF156636}.Release|Any CPU.ActiveCfg = Release|Any CPU
		{025B4669-6ACA-49B3-8728-9CBCAF156636}.Release|Any CPU.Build.0 = Release|Any CPU
		{9090C964-237F-46E0-8FCC-437FC5C5E91C}.Debug|Any CPU.ActiveCfg = Debug|Any CPU
		{9090C964-237F-46E0-8FCC-437FC5C5E91C}.Debug|Any CPU.Build.0 = Debug|Any CPU
		{9090C964-237F-46E0-8FCC-437FC5C5E91C}.Release|Any CPU.ActiveCfg = Release|Any CPU
		{9090C964-237F-46E0-8FCC-437FC5C5E91C}.Release|Any CPU.Build.0 = Release|Any CPU
	EndGlobalSection
	GlobalSection(SolutionProperties) = preSolution
		HideSolutionNode = FALSE
	EndGlobalSection
	GlobalSection(ExtensibilityGlobals) = postSolution
		SolutionGuid = {DA0773A3-D042-4809-807B-9AC4A1D4A4CF}
	EndGlobalSection
EndGlobal
